<?xml version="1.0" encoding="utf-8"?>
<Project ToolsVersion="4.0" xmlns="http://schemas.microsoft.com/developer/msbuild/2003">
  <ItemGroup>
    <Filter Include="Source Files">
      <UniqueIdentifier>{4FC737F1-C7A5-4376-A066-2A32D752A2FF}</UniqueIdentifier>
      <Extensions>cpp;c;cc;cxx;def;odl;idl;hpj;bat;asm;asmx</Extensions>
    </Filter>
    <Filter Include="Header Files">
      <UniqueIdentifier>{93995380-89BD-4b04-88EB-625FBE52EBFB}</UniqueIdentifier>
      <Extensions>h;hpp;hxx;hm;inl;inc;xsd</Extensions>
    </Filter>
    <Filter Include="Resource Files">
      <UniqueIdentifier>{67DA6AB6-F800-4c08-8B7A-83BB121AAD01}</UniqueIdentifier>
      <Extensions>rc;ico;cur;bmp;dlg;rc2;rct;bin;rgs;gif;jpg;jpeg;jpe;resx;tiff;tif;png;wav;mfcribbon-ms</Extensions>
    </Filter>
    <Filter Include="Header Files\communication">
      <UniqueIdentifier>{111924a2-82a5-48cd-a174-766d1d2b2174}</UniqueIdentifier>
    </Filter>
    <Filter Include="Source Files\communication">
      <UniqueIdentifier>{fce72f7b-36cc-45fa-8d04-78862b7ed5c6}</UniqueIdentifier>
    </Filter>
  </ItemGroup>
  <ItemGroup>
    <ClCompile Include="main.c">
      <Filter>Source Files</Filter>
    </ClCompile>
    <ClCompile Include="commdrv.c">
      <Filter>Source Files\communication</Filter>
    </ClCompile>
    <ClCompile Include="driver_commands.c">
      <Filter>Source Files\communication</Filter>
    </ClCompile>
    <ClCompile Include="messagehandlers.c">
      <Filter>Source Files\communication</Filter>
    </ClCompile>
  </ItemGroup>
  <ItemGroup>
    <ClInclude Include="globaldata.h">
      <Filter>Header Files</Filter>
    </ClInclude>
    <ClInclude Include="commdrv.h">
      <Filter>Header Files\communication</Filter>
    </ClInclude>
    <ClInclude Include="..\shared\CommShared.h">
      <Filter>Header Files\communication</Filter>
    </ClInclude>
    <ClInclude Include="driver_commands.h">
      <Filter>Header Files\communication</Filter>
    </ClInclude>
    <ClInclude Include="messagehandlers.h">
      <Filter>Header Files\communication</Filter>
    </ClInclude>
  </ItemGroup>
</Project>